
Microsoft Visual Studio Solution File, Format Version 12.00
# Visual Studio Version 17
VisualStudioVersion = 17.7.34302.85
MinimumVisualStudioVersion = 10.0.40219.1
Project("{8BC9CEB8-8B4A-11D0-8D11-00A0C91BC942}") = "IfcOpenShellUnitTests", "IfcOpenShellUnitTests.vcxproj", "{145AFDCE-B066-4868-B63A-D06E3A0E3DE1}"
EndProject
Global
	GlobalSection(SolutionConfigurationPlatforms) = preSolution
		Debug|x64 = Debug|x64
		Debug|x86 = Debug|x86
		Release|x64 = Release|x64
		Release|x86 = Release|x86
	EndGlobalSection
	GlobalSection(ProjectConfigurationPlatforms) = postSolution
		{145AFDCE-B066-4868-B63A-D06E3A0E3DE1}.Debug|x64.ActiveCfg = Debug|x64
		{145AFDCE-B066-4868-B63A-D06E3A0E3DE1}.Debug|x64.Build.0 = Debug|x64
		{145AFDCE-B066-4868-B63A-D06E3A0E3DE1}.Debug|x86.ActiveCfg = Debug|Win32
		{145AFDCE-B066-4868-B63A-D06E3A0E3DE1}.Debug|x86.Build.0 = Debug|Win32
		{145AFDCE-B066-4868-B63A-D06E3A0E3DE1}.Release|x64.ActiveCfg = Release|x64
		{145AFDCE-B066-4868-B63A-D06E3A0E3DE1}.Release|x64.Build.0 = Release|x64
		{145AFDCE-B066-4868-B63A-D06E3A0E3DE1}.Release|x86.ActiveCfg = Release|Win32
		{145AFDCE-B066-4868-B63A-D06E3A0E3DE1}.Release|x86.Build.0 = Release|Win32
	EndGlobalSection
	GlobalSection(SolutionProperties) = preSolution
		HideSolutionNode = FALSE
	EndGlobalSection
	GlobalSection(ExtensibilityGlobals) = postSolution
		SolutionGuid = {7FC804AA-7B35-42D6-9FF7-EAF41F48CA24}
	EndGlobalSection
EndGlobal
